
Microsoft Visual Studio Solution File, Format Version 12.00
# Visual Studio 15
VisualStudioVersion = 15.0.27004.2010
MinimumVisualStudioVersion = 10.0.40219.1
Project("{FAE04EC0-301F-11D3-BF4B-00C04F79EFBC}") = "Xadrez 1", "Xadrez 1\Xadrez 1.csproj", "{DF8B11BE-8019-4BCF-9164-BEB29D341B56}"
EndProject
Global
	GlobalSection(SolutionConfigurationPlatforms) = preSolution
		Debug|Any CPU = Debug|Any CPU
		Release|Any CPU = Release|Any CPU
	EndGlobalSection
	GlobalSection(ProjectConfigurationPlatforms) = postSolution
		{DF8B11BE-8019-4BCF-9164-BEB29D341B56}.Debug|Any CPU.ActiveCfg = Debug|Any CPU
		{DF8B11BE-8019-4BCF-9164-BEB29D341B56}.Debug|Any CPU.Build.0 = Debug|Any CPU
		{DF8B11BE-8019-4BCF-9164-BEB29D341B56}.Release|Any CPU.ActiveCfg = Release|Any CPU
		{DF8B11BE-8019-4BCF-9164-BEB29D341B56}.Release|Any CPU.Build.0 = Release|Any CPU
	EndGlobalSection
	GlobalSection(SolutionProperties) = preSolution
		HideSolutionNode = FALSE
	EndGlobalSection
	GlobalSection(ExtensibilityGlobals) = postSolution
		SolutionGuid = {AD605A62-9CB4-4491-88F9-E52E684DA724}
	EndGlobalSection
EndGlobal
